// !$*UTF8*$!
{
	archiveVersion = 1;
	classes = {
	};
	objectVersion = 48;
	objects = {

/* Begin PBXBuildFile section */
		B711B1261FE583060021DC97 /* AppDelegate.swift in Sources */ = {isa = PBXBuildFile; fileRef = B711B1251FE583060021DC97 /* AppDelegate.swift */; };
		B711B12B1FE583060021DC97 /* Main.storyboard in Resources */ = {isa = PBXBuildFile; fileRef = B711B1291FE583060021DC97 /* Main.storyboard */; };
		B711B12D1FE583060021DC97 /* Assets.xcassets in Resources */ = {isa = PBXBuildFile; fileRef = B711B12C1FE583060021DC97 /* Assets.xcassets */; };
		B711B1301FE583060021DC97 /* LaunchScreen.storyboard in Resources */ = {isa = PBXBuildFile; fileRef = B711B12E1FE583060021DC97 /* LaunchScreen.storyboard */; };
		B711B13B1FE583060021DC97 /* AirHintTests.swift in Sources */ = {isa = PBXBuildFile; fileRef = B711B13A1FE583060021DC97 /* AirHintTests.swift */; };
		B711B1471FE5850B0021DC97 /* Trip.swift in Sources */ = {isa = PBXBuildFile; fileRef = B711B1461FE5850B0021DC97 /* Trip.swift */; };
		B711B1491FE5851A0021DC97 /* Tripping.swift in Sources */ = {isa = PBXBuildFile; fileRef = B711B1481FE5851A0021DC97 /* Tripping.swift */; };
		B711B14B1FE585690021DC97 /* Airporting.swift in Sources */ = {isa = PBXBuildFile; fileRef = B711B14A1FE585690021DC97 /* Airporting.swift */; };
		B711B14D1FE586350021DC97 /* Airport.swift in Sources */ = {isa = PBXBuildFile; fileRef = B711B14C1FE586350021DC97 /* Airport.swift */; };
		B711B14F1FE586FD0021DC97 /* Airlining.swift in Sources */ = {isa = PBXBuildFile; fileRef = B711B14E1FE586FD0021DC97 /* Airlining.swift */; };
		B711B1511FE588230021DC97 /* Ryanair.swift in Sources */ = {isa = PBXBuildFile; fileRef = B711B1501FE588230021DC97 /* Ryanair.swift */; };
		B711B1531FE589FA0021DC97 /* Predicting.swift in Sources */ = {isa = PBXBuildFile; fileRef = B711B1521FE589FA0021DC97 /* Predicting.swift */; };
		B711B1551FE58AD80021DC97 /* Predict.swift in Sources */ = {isa = PBXBuildFile; fileRef = B711B1541FE58AD80021DC97 /* Predict.swift */; };
		B711B1571FE58B9A0021DC97 /* Pricing.swift in Sources */ = {isa = PBXBuildFile; fileRef = B711B1561FE58B9A0021DC97 /* Pricing.swift */; };
		B711B1591FE58BA40021DC97 /* Price.swift in Sources */ = {isa = PBXBuildFile; fileRef = B711B1581FE58BA40021DC97 /* Price.swift */; };
		B711B15B1FE59F840021DC97 /* SearchFlightViewController.swift in Sources */ = {isa = PBXBuildFile; fileRef = B711B15A1FE59F840021DC97 /* SearchFlightViewController.swift */; };
		B717E03F1FE6903500F4540B /* NetworkRequesting.swift in Sources */ = {isa = PBXBuildFile; fileRef = B717E03E1FE6903500F4540B /* NetworkRequesting.swift */; };
		B717E0411FE6913800F4540B /* NetworkServicing.swift in Sources */ = {isa = PBXBuildFile; fileRef = B717E0401FE6913800F4540B /* NetworkServicing.swift */; };
		B717E0431FE6916E00F4540B /* NetworkResponding.swift in Sources */ = {isa = PBXBuildFile; fileRef = B717E0421FE6916E00F4540B /* NetworkResponding.swift */; };
		B717E0451FE6929B00F4540B /* URLSessionNetwork.swift in Sources */ = {isa = PBXBuildFile; fileRef = B717E0441FE6929B00F4540B /* URLSessionNetwork.swift */; };
		B717E04D1FE6A0C900F4540B /* NetworkResponse.swift in Sources */ = {isa = PBXBuildFile; fileRef = B717E04C1FE6A0C900F4540B /* NetworkResponse.swift */; };
		B7C399531FF44159008C3C1C /* NetworkServicingSpec.swift in Sources */ = {isa = PBXBuildFile; fileRef = B7C399521FF44159008C3C1C /* NetworkServicingSpec.swift */; };
		B7C399561FF448A0008C3C1C /* NetworkServicingTestingData.json in Resources */ = {isa = PBXBuildFile; fileRef = B7C399551FF448A0008C3C1C /* NetworkServicingTestingData.json */; };
		BE2199F19CB3E81F96D9E873 /* Pods_AirHintTests.framework in Frameworks */ = {isa = PBXBuildFile; fileRef = AC28792509E8F93D28DC4DA5 /* Pods_AirHintTests.framework */; };
		D95DAC117BAF980C29A5BDF6 /* Pods_AirHint.framework in Frameworks */ = {isa = PBXBuildFile; fileRef = F2905CD8329B5E96AE6981D9 /* Pods_AirHint.framework */; };
/* End PBXBuildFile section */

/* Begin PBXContainerItemProxy section */
		B711B1371FE583060021DC97 /* PBXContainerItemProxy */ = {
			isa = PBXContainerItemProxy;
			containerPortal = B711B11A1FE583060021DC97 /* Project object */;
			proxyType = 1;
			remoteGlobalIDString = B711B1211FE583060021DC97;
			remoteInfo = AirHint;
		};
/* End PBXContainerItemProxy section */

/* Begin PBXFileReference section */
		205B017C96C66FC04CCAB965 /* Pods-AirHintTests.debug.xcconfig */ = {isa = PBXFileReference; includeInIndex = 1; lastKnownFileType = text.xcconfig; name = "Pods-AirHintTests.debug.xcconfig"; path = "Pods/Target Support Files/Pods-AirHintTests/Pods-AirHintTests.debug.xcconfig"; sourceTree = "<group>"; };
		3E1C03F9F8EE817C70A55823 /* Pods-AirHintTests.release.xcconfig */ = {isa = PBXFileReference; includeInIndex = 1; lastKnownFileType = text.xcconfig; name = "Pods-AirHintTests.release.xcconfig"; path = "Pods/Target Support Files/Pods-AirHintTests/Pods-AirHintTests.release.xcconfig"; sourceTree = "<group>"; };
		864E125F94C9CF379C9FCE92 /* Pods-AirHint.debug.xcconfig */ = {isa = PBXFileReference; includeInIndex = 1; lastKnownFileType = text.xcconfig; name = "Pods-AirHint.debug.xcconfig"; path = "Pods/Target Support Files/Pods-AirHint/Pods-AirHint.debug.xcconfig"; sourceTree = "<group>"; };
		9006279D60550D0DB45C3DF6 /* Pods-AirHint.release.xcconfig */ = {isa = PBXFileReference; includeInIndex = 1; lastKnownFileType = text.xcconfig; name = "Pods-AirHint.release.xcconfig"; path = "Pods/Target Support Files/Pods-AirHint/Pods-AirHint.release.xcconfig"; sourceTree = "<group>"; };
		AC28792509E8F93D28DC4DA5 /* Pods_AirHintTests.framework */ = {isa = PBXFileReference; explicitFileType = wrapper.framework; includeInIndex = 0; path = Pods_AirHintTests.framework; sourceTree = BUILT_PRODUCTS_DIR; };
		B711733E1FE6C34900E66923 /* ServiceAssembly.swift */ = {isa = PBXFileReference; lastKnownFileType = sourcecode.swift; path = ServiceAssembly.swift; sourceTree = "<group>"; };
		B711B1221FE583060021DC97 /* AirHint.app */ = {isa = PBXFileReference; explicitFileType = wrapper.application; includeInIndex = 0; path = AirHint.app; sourceTree = BUILT_PRODUCTS_DIR; };
		B711B1251FE583060021DC97 /* AppDelegate.swift */ = {isa = PBXFileReference; lastKnownFileType = sourcecode.swift; path = AppDelegate.swift; sourceTree = "<group>"; };
		B711B12A1FE583060021DC97 /* Base */ = {isa = PBXFileReference; lastKnownFileType = file.storyboard; name = Base; path = Base.lproj/Main.storyboard; sourceTree = "<group>"; };
		B711B12C1FE583060021DC97 /* Assets.xcassets */ = {isa = PBXFileReference; lastKnownFileType = folder.assetcatalog; path = Assets.xcassets; sourceTree = "<group>"; };
		B711B12F1FE583060021DC97 /* Base */ = {isa = PBXFileReference; lastKnownFileType = file.storyboard; name = Base; path = Base.lproj/LaunchScreen.storyboard; sourceTree = "<group>"; };
		B711B1311FE583060021DC97 /* Info.plist */ = {isa = PBXFileReference; lastKnownFileType = text.plist.xml; path = Info.plist; sourceTree = "<group>"; };
		B711B1361FE583060021DC97 /* AirHintTests.xctest */ = {isa = PBXFileReference; explicitFileType = wrapper.cfbundle; includeInIndex = 0; path = AirHintTests.xctest; sourceTree = BUILT_PRODUCTS_DIR; };
		B711B13A1FE583060021DC97 /* AirHintTests.swift */ = {isa = PBXFileReference; lastKnownFileType = sourcecode.swift; path = AirHintTests.swift; sourceTree = "<group>"; };
		B711B13C1FE583060021DC97 /* Info.plist */ = {isa = PBXFileReference; lastKnownFileType = text.plist.xml; path = Info.plist; sourceTree = "<group>"; };
		B711B1461FE5850B0021DC97 /* Trip.swift */ = {isa = PBXFileReference; lastKnownFileType = sourcecode.swift; path = Trip.swift; sourceTree = "<group>"; };
		B711B1481FE5851A0021DC97 /* Tripping.swift */ = {isa = PBXFileReference; lastKnownFileType = sourcecode.swift; path = Tripping.swift; sourceTree = "<group>"; };
		B711B14A1FE585690021DC97 /* Airporting.swift */ = {isa = PBXFileReference; lastKnownFileType = sourcecode.swift; path = Airporting.swift; sourceTree = "<group>"; };
		B711B14C1FE586350021DC97 /* Airport.swift */ = {isa = PBXFileReference; lastKnownFileType = sourcecode.swift; path = Airport.swift; sourceTree = "<group>"; };
		B711B14E1FE586FD0021DC97 /* Airlining.swift */ = {isa = PBXFileReference; lastKnownFileType = sourcecode.swift; path = Airlining.swift; sourceTree = "<group>"; };
		B711B1501FE588230021DC97 /* Ryanair.swift */ = {isa = PBXFileReference; lastKnownFileType = sourcecode.swift; path = Ryanair.swift; sourceTree = "<group>"; };
		B711B1521FE589FA0021DC97 /* Predicting.swift */ = {isa = PBXFileReference; lastKnownFileType = sourcecode.swift; path = Predicting.swift; sourceTree = "<group>"; };
		B711B1541FE58AD80021DC97 /* Predict.swift */ = {isa = PBXFileReference; lastKnownFileType = sourcecode.swift; path = Predict.swift; sourceTree = "<group>"; };
		B711B1561FE58B9A0021DC97 /* Pricing.swift */ = {isa = PBXFileReference; lastKnownFileType = sourcecode.swift; path = Pricing.swift; sourceTree = "<group>"; };
		B711B1581FE58BA40021DC97 /* Price.swift */ = {isa = PBXFileReference; lastKnownFileType = sourcecode.swift; path = Price.swift; sourceTree = "<group>"; };
		B711B15A1FE59F840021DC97 /* SearchFlightViewController.swift */ = {isa = PBXFileReference; lastKnownFileType = sourcecode.swift; path = SearchFlightViewController.swift; sourceTree = "<group>"; };
		B717E03E1FE6903500F4540B /* NetworkRequesting.swift */ = {isa = PBXFileReference; lastKnownFileType = sourcecode.swift; path = NetworkRequesting.swift; sourceTree = "<group>"; };
		B717E0401FE6913800F4540B /* NetworkServicing.swift */ = {isa = PBXFileReference; lastKnownFileType = sourcecode.swift; path = NetworkServicing.swift; sourceTree = "<group>"; };
		B717E0421FE6916E00F4540B /* NetworkResponding.swift */ = {isa = PBXFileReference; lastKnownFileType = sourcecode.swift; path = NetworkResponding.swift; sourceTree = "<group>"; };
		B717E0441FE6929B00F4540B /* URLSessionNetwork.swift */ = {isa = PBXFileReference; lastKnownFileType = sourcecode.swift; path = URLSessionNetwork.swift; sourceTree = "<group>"; };
		B717E04C1FE6A0C900F4540B /* NetworkResponse.swift */ = {isa = PBXFileReference; lastKnownFileType = sourcecode.swift; path = NetworkResponse.swift; sourceTree = "<group>"; };
		B7C399521FF44159008C3C1C /* NetworkServicingSpec.swift */ = {isa = PBXFileReference; lastKnownFileType = sourcecode.swift; path = NetworkServicingSpec.swift; sourceTree = "<group>"; };
		B7C399551FF448A0008C3C1C /* NetworkServicingTestingData.json */ = {isa = PBXFileReference; lastKnownFileType = text.json; path = NetworkServicingTestingData.json; sourceTree = "<group>"; };
		F2905CD8329B5E96AE6981D9 /* Pods_AirHint.framework */ = {isa = PBXFileReference; explicitFileType = wrapper.framework; includeInIndex = 0; path = Pods_AirHint.framework; sourceTree = BUILT_PRODUCTS_DIR; };
/* End PBXFileReference section */

/* Begin PBXFrameworksBuildPhase section */
		B711B11F1FE583060021DC97 /* Frameworks */ = {
			isa = PBXFrameworksBuildPhase;
			buildActionMask = 2147483647;
			files = (
				D95DAC117BAF980C29A5BDF6 /* Pods_AirHint.framework in Frameworks */,
			);
			runOnlyForDeploymentPostprocessing = 0;
		};
		B711B1331FE583060021DC97 /* Frameworks */ = {
			isa = PBXFrameworksBuildPhase;
			buildActionMask = 2147483647;
			files = (
				BE2199F19CB3E81F96D9E873 /* Pods_AirHintTests.framework in Frameworks */,
			);
			runOnlyForDeploymentPostprocessing = 0;
		};
/* End PBXFrameworksBuildPhase section */

/* Begin PBXGroup section */
		6E7098ABB141577FED5793FE /* Frameworks */ = {
			isa = PBXGroup;
			children = (
				F2905CD8329B5E96AE6981D9 /* Pods_AirHint.framework */,
				AC28792509E8F93D28DC4DA5 /* Pods_AirHintTests.framework */,
			);
			name = Frameworks;
			sourceTree = "<group>";
		};
		B711733D1FE6C31500E66923 /* Assemblies */ = {
			isa = PBXGroup;
			children = (
				B711733E1FE6C34900E66923 /* ServiceAssembly.swift */,
			);
			path = Assemblies;
			sourceTree = "<group>";
		};
		B711B1191FE583060021DC97 = {
			isa = PBXGroup;
			children = (
				B711B1241FE583060021DC97 /* AirHint */,
				B711B1391FE583060021DC97 /* AirHintTests */,
				B711B1231FE583060021DC97 /* Products */,
				B8F1BCAD94E45D5783D0D730 /* Pods */,
				6E7098ABB141577FED5793FE /* Frameworks */,
			);
			sourceTree = "<group>";
		};
		B711B1231FE583060021DC97 /* Products */ = {
			isa = PBXGroup;
			children = (
				B711B1221FE583060021DC97 /* AirHint.app */,
				B711B1361FE583060021DC97 /* AirHintTests.xctest */,
			);
			name = Products;
			sourceTree = "<group>";
		};
		B711B1241FE583060021DC97 /* AirHint */ = {
			isa = PBXGroup;
			children = (
				B711733D1FE6C31500E66923 /* Assemblies */,
				B717E03D1FE6901500F4540B /* Services */,
				B711B15D1FE66AEF0021DC97 /* Resources */,
				B711B15C1FE59F8A0021DC97 /* VIewControllers */,
				B711B1451FE583130021DC97 /* Models */,
				B711B1251FE583060021DC97 /* AppDelegate.swift */,
				B711B12E1FE583060021DC97 /* LaunchScreen.storyboard */,
				B711B1311FE583060021DC97 /* Info.plist */,
			);
			path = AirHint;
			sourceTree = "<group>";
		};
		B711B1391FE583060021DC97 /* AirHintTests */ = {
			isa = PBXGroup;
			children = (
				B7C399541FF44836008C3C1C /* Resources */,
				B711B13A1FE583060021DC97 /* AirHintTests.swift */,
				B711B13C1FE583060021DC97 /* Info.plist */,
				B7C399521FF44159008C3C1C /* NetworkServicingSpec.swift */,
			);
			path = AirHintTests;
			sourceTree = "<group>";
		};
		B711B1451FE583130021DC97 /* Models */ = {
			isa = PBXGroup;
			children = (
				B711B1461FE5850B0021DC97 /* Trip.swift */,
				B711B1481FE5851A0021DC97 /* Tripping.swift */,
				B711B14A1FE585690021DC97 /* Airporting.swift */,
				B711B14C1FE586350021DC97 /* Airport.swift */,
				B711B14E1FE586FD0021DC97 /* Airlining.swift */,
				B711B1501FE588230021DC97 /* Ryanair.swift */,
				B711B1521FE589FA0021DC97 /* Predicting.swift */,
				B711B1541FE58AD80021DC97 /* Predict.swift */,
				B711B1561FE58B9A0021DC97 /* Pricing.swift */,
				B711B1581FE58BA40021DC97 /* Price.swift */,
			);
			path = Models;
			sourceTree = "<group>";
		};
		B711B15C1FE59F8A0021DC97 /* VIewControllers */ = {
			isa = PBXGroup;
			children = (
				B711B15A1FE59F840021DC97 /* SearchFlightViewController.swift */,
			);
			path = VIewControllers;
			sourceTree = "<group>";
		};
		B711B15D1FE66AEF0021DC97 /* Resources */ = {
			isa = PBXGroup;
			children = (
				B711B1291FE583060021DC97 /* Main.storyboard */,
				B711B12C1FE583060021DC97 /* Assets.xcassets */,
			);
			path = Resources;
			sourceTree = "<group>";
		};
		B717E03D1FE6901500F4540B /* Services */ = {
			isa = PBXGroup;
			children = (
				B77A45BA1FF18DF000872F4A /* Networking */,
			);
			path = Services;
			sourceTree = "<group>";
		};
		B77A45BA1FF18DF000872F4A /* Networking */ = {
			isa = PBXGroup;
			children = (
				B717E0401FE6913800F4540B /* NetworkServicing.swift */,
				B717E0421FE6916E00F4540B /* NetworkResponding.swift */,
				B717E03E1FE6903500F4540B /* NetworkRequesting.swift */,
				B717E04C1FE6A0C900F4540B /* NetworkResponse.swift */,
				B717E0441FE6929B00F4540B /* URLSessionNetwork.swift */,
				B77A45B81FF18AED00872F4A /* Result.swift */,
			);
			path = Networking;
			sourceTree = "<group>";
		};
		B8F1BCAD94E45D5783D0D730 /* Pods */ = {
			isa = PBXGroup;
			children = (
				864E125F94C9CF379C9FCE92 /* Pods-AirHint.debug.xcconfig */,
				9006279D60550D0DB45C3DF6 /* Pods-AirHint.release.xcconfig */,
				205B017C96C66FC04CCAB965 /* Pods-AirHintTests.debug.xcconfig */,
				3E1C03F9F8EE817C70A55823 /* Pods-AirHintTests.release.xcconfig */,
			);
			name = Pods;
			sourceTree = "<group>";
		};
/* End PBXGroup section */

/* Begin PBXNativeTarget section */
		B711B1211FE583060021DC97 /* AirHint */ = {
			isa = PBXNativeTarget;
			buildConfigurationList = B711B13F1FE583060021DC97 /* Build configuration list for PBXNativeTarget "AirHint" */;
			buildPhases = (
				AA5B2AA38ADFFC879928018D /* [CP] Check Pods Manifest.lock */,
				B711B11E1FE583060021DC97 /* Sources */,
				B711B11F1FE583060021DC97 /* Frameworks */,
				B711B1201FE583060021DC97 /* Resources */,
				48BF38966B3E875C976888BF /* [CP] Embed Pods Frameworks */,
				656FE29B47EC34322F5E821C /* [CP] Copy Pods Resources */,
			);
			buildRules = (
			);
			dependencies = (
			);
			name = AirHint;
			productName = AirHint;
			productReference = B711B1221FE583060021DC97 /* AirHint.app */;
			productType = "com.apple.product-type.application";
		};
		B711B1351FE583060021DC97 /* AirHintTests */ = {
			isa = PBXNativeTarget;
			buildConfigurationList = B711B1421FE583060021DC97 /* Build configuration list for PBXNativeTarget "AirHintTests" */;
			buildPhases = (
				D58E18EBA57106D13AF75A63 /* [CP] Check Pods Manifest.lock */,
				B711B1321FE583060021DC97 /* Sources */,
				B711B1331FE583060021DC97 /* Frameworks */,
				B711B1341FE583060021DC97 /* Resources */,
				7421C4F27FFE68C242BAB2FB /* [CP] Embed Pods Frameworks */,
				6DCA03E65329A2CB4C6E432A /* [CP] Copy Pods Resources */,
			);
			buildRules = (
			);
			dependencies = (
				B711B1381FE583060021DC97 /* PBXTargetDependency */,
			);
			name = AirHintTests;
			productName = AirHintTests;
			productReference = B711B1361FE583060021DC97 /* AirHintTests.xctest */;
			productType = "com.apple.product-type.bundle.unit-test";
		};
/* End PBXNativeTarget section */

/* Begin PBXProject section */
		B711B11A1FE583060021DC97 /* Project object */ = {
			isa = PBXProject;
			attributes = {
				LastSwiftUpdateCheck = 0920;
				LastUpgradeCheck = 0920;
				ORGANIZATIONNAME = A.Kuzminskyi;
				TargetAttributes = {
					B711B1211FE583060021DC97 = {
						CreatedOnToolsVersion = 9.2;
						ProvisioningStyle = Automatic;
					};
					B711B1351FE583060021DC97 = {
						CreatedOnToolsVersion = 9.2;
						ProvisioningStyle = Automatic;
						TestTargetID = B711B1211FE583060021DC97;
					};
				};
			};
			buildConfigurationList = B711B11D1FE583060021DC97 /* Build configuration list for PBXProject "AirHint" */;
			compatibilityVersion = "Xcode 8.0";
			developmentRegion = en;
			hasScannedForEncodings = 0;
			knownRegions = (
				en,
				Base,
			);
			mainGroup = B711B1191FE583060021DC97;
			productRefGroup = B711B1231FE583060021DC97 /* Products */;
			projectDirPath = "";
			projectRoot = "";
			targets = (
				B711B1211FE583060021DC97 /* AirHint */,
				B711B1351FE583060021DC97 /* AirHintTests */,
			);
		};
/* End PBXProject section */

/* Begin PBXResourcesBuildPhase section */
		B711B1201FE583060021DC97 /* Resources */ = {
			isa = PBXResourcesBuildPhase;
			buildActionMask = 2147483647;
			files = (
				B711B1301FE583060021DC97 /* LaunchScreen.storyboard in Resources */,
				B711B12D1FE583060021DC97 /* Assets.xcassets in Resources */,
				B711B12B1FE583060021DC97 /* Main.storyboard in Resources */,
			);
			runOnlyForDeploymentPostprocessing = 0;
		};
		B711B1341FE583060021DC97 /* Resources */ = {
			isa = PBXResourcesBuildPhase;
			buildActionMask = 2147483647;
			files = (
				B7C399561FF448A0008C3C1C /* NetworkServicingTestingData.json in Resources */,
			);
			runOnlyForDeploymentPostprocessing = 0;
		};
/* End PBXResourcesBuildPhase section */

/* Begin PBXShellScriptBuildPhase section */
		48BF38966B3E875C976888BF /* [CP] Embed Pods Frameworks */ = {
			isa = PBXShellScriptBuildPhase;
			buildActionMask = 2147483647;
			files = (
			);
			inputPaths = (
				"${SRCROOT}/Pods/Target Support Files/Pods-AirHint/Pods-AirHint-frameworks.sh",
				"${BUILT_PRODUCTS_DIR}/Alamofire/Alamofire.framework",
				"${BUILT_PRODUCTS_DIR}/Swinject/Swinject.framework",
				"${BUILT_PRODUCTS_DIR}/SwinjectStoryboard/SwinjectStoryboard.framework",
			);
			name = "[CP] Embed Pods Frameworks";
			outputPaths = (
				"${TARGET_BUILD_DIR}/${FRAMEWORKS_FOLDER_PATH}/Alamofire.framework",
				"${TARGET_BUILD_DIR}/${FRAMEWORKS_FOLDER_PATH}/Swinject.framework",
				"${TARGET_BUILD_DIR}/${FRAMEWORKS_FOLDER_PATH}/SwinjectStoryboard.framework",
			);
			runOnlyForDeploymentPostprocessing = 0;
			shellPath = /bin/sh;
			shellScript = "\"${SRCROOT}/Pods/Target Support Files/Pods-AirHint/Pods-AirHint-frameworks.sh\"\n";
			showEnvVarsInLog = 0;
		};
		656FE29B47EC34322F5E821C /* [CP] Copy Pods Resources */ = {
			isa = PBXShellScriptBuildPhase;
			buildActionMask = 2147483647;
			files = (
			);
			inputPaths = (
			);
			name = "[CP] Copy Pods Resources";
			outputPaths = (
			);
			runOnlyForDeploymentPostprocessing = 0;
			shellPath = /bin/sh;
			shellScript = "\"${SRCROOT}/Pods/Target Support Files/Pods-AirHint/Pods-AirHint-resources.sh\"\n";
			showEnvVarsInLog = 0;
		};
		6DCA03E65329A2CB4C6E432A /* [CP] Copy Pods Resources */ = {
			isa = PBXShellScriptBuildPhase;
			buildActionMask = 2147483647;
			files = (
			);
			inputPaths = (
			);
			name = "[CP] Copy Pods Resources";
			outputPaths = (
			);
			runOnlyForDeploymentPostprocessing = 0;
			shellPath = /bin/sh;
			shellScript = "\"${SRCROOT}/Pods/Target Support Files/Pods-AirHintTests/Pods-AirHintTests-resources.sh\"\n";
			showEnvVarsInLog = 0;
		};
		7421C4F27FFE68C242BAB2FB /* [CP] Embed Pods Frameworks */ = {
			isa = PBXShellScriptBuildPhase;
			buildActionMask = 2147483647;
			files = (
			);
			inputPaths = (
				"${SRCROOT}/Pods/Target Support Files/Pods-AirHintTests/Pods-AirHintTests-frameworks.sh",
				"${BUILT_PRODUCTS_DIR}/Nimble/Nimble.framework",
				"${BUILT_PRODUCTS_DIR}/Quick/Quick.framework",
			);
			name = "[CP] Embed Pods Frameworks";
			outputPaths = (
				"${TARGET_BUILD_DIR}/${FRAMEWORKS_FOLDER_PATH}/Nimble.framework",
				"${TARGET_BUILD_DIR}/${FRAMEWORKS_FOLDER_PATH}/Quick.framework",
			);
			runOnlyForDeploymentPostprocessing = 0;
			shellPath = /bin/sh;
			shellScript = "\"${SRCROOT}/Pods/Target Support Files/Pods-AirHintTests/Pods-AirHintTests-frameworks.sh\"\n";
			showEnvVarsInLog = 0;
		};
		AA5B2AA38ADFFC879928018D /* [CP] Check Pods Manifest.lock */ = {
			isa = PBXShellScriptBuildPhase;
			buildActionMask = 2147483647;
			files = (
			);
			inputPaths = (
				"${PODS_PODFILE_DIR_PATH}/Podfile.lock",
				"${PODS_ROOT}/Manifest.lock",
			);
			name = "[CP] Check Pods Manifest.lock";
			outputPaths = (
				"$(DERIVED_FILE_DIR)/Pods-AirHint-checkManifestLockResult.txt",
			);
			runOnlyForDeploymentPostprocessing = 0;
			shellPath = /bin/sh;
			shellScript = "diff \"${PODS_PODFILE_DIR_PATH}/Podfile.lock\" \"${PODS_ROOT}/Manifest.lock\" > /dev/null\nif [ $? != 0 ] ; then\n    # print error to STDERR\n    echo \"error: The sandbox is not in sync with the Podfile.lock. Run 'pod install' or update your CocoaPods installation.\" >&2\n    exit 1\nfi\n# This output is used by Xcode 'outputs' to avoid re-running this script phase.\necho \"SUCCESS\" > \"${SCRIPT_OUTPUT_FILE_0}\"\n";
			showEnvVarsInLog = 0;
		};
		D58E18EBA57106D13AF75A63 /* [CP] Check Pods Manifest.lock */ = {
			isa = PBXShellScriptBuildPhase;
			buildActionMask = 2147483647;
			files = (
			);
			inputPaths = (
				"${PODS_PODFILE_DIR_PATH}/Podfile.lock",
				"${PODS_ROOT}/Manifest.lock",
			);
			name = "[CP] Check Pods Manifest.lock";
			outputPaths = (
				"$(DERIVED_FILE_DIR)/Pods-AirHintTests-checkManifestLockResult.txt",
			);
			runOnlyForDeploymentPostprocessing = 0;
			shellPath = /bin/sh;
			shellScript = "diff \"${PODS_PODFILE_DIR_PATH}/Podfile.lock\" \"${PODS_ROOT}/Manifest.lock\" > /dev/null\nif [ $? != 0 ] ; then\n    # print error to STDERR\n    echo \"error: The sandbox is not in sync with the Podfile.lock. Run 'pod install' or update your CocoaPods installation.\" >&2\n    exit 1\nfi\n# This output is used by Xcode 'outputs' to avoid re-running this script phase.\necho \"SUCCESS\" > \"${SCRIPT_OUTPUT_FILE_0}\"\n";
			showEnvVarsInLog = 0;
		};
/* End PBXShellScriptBuildPhase section */

/* Begin PBXSourcesBuildPhase section */
		B711B11E1FE583060021DC97 /* Sources */ = {
			isa = PBXSourcesBuildPhase;
			buildActionMask = 2147483647;
			files = (
				B717E0431FE6916E00F4540B /* NetworkResponding.swift in Sources */,
				B711B1471FE5850B0021DC97 /* Trip.swift in Sources */,
				B711B1491FE5851A0021DC97 /* Tripping.swift in Sources */,
				B711B1531FE589FA0021DC97 /* Predicting.swift in Sources */,
				B717E04D1FE6A0C900F4540B /* NetworkResponse.swift in Sources */,
				B711B15B1FE59F840021DC97 /* SearchFlightViewController.swift in Sources */,
				B711B1571FE58B9A0021DC97 /* Pricing.swift in Sources */,
				B711733F1FE6C34900E66923 /* ServiceAssembly.swift in Sources */,
				B717E0411FE6913800F4540B /* NetworkServicing.swift in Sources */,
				B711B1591FE58BA40021DC97 /* Price.swift in Sources */,
				B77A45B91FF18AED00872F4A /* Result.swift in Sources */,
				B711B14D1FE586350021DC97 /* Airport.swift in Sources */,
				B711B1551FE58AD80021DC97 /* Predict.swift in Sources */,
				B717E0451FE6929B00F4540B /* URLSessionNetwork.swift in Sources */,
				B711B1261FE583060021DC97 /* AppDelegate.swift in Sources */,
				B717E03F1FE6903500F4540B /* NetworkRequesting.swift in Sources */,
				B711B14F1FE586FD0021DC97 /* Airlining.swift in Sources */,
				B711B1511FE588230021DC97 /* Ryanair.swift in Sources */,
				B711B14B1FE585690021DC97 /* Airporting.swift in Sources */,
			);
			runOnlyForDeploymentPostprocessing = 0;
		};
		B711B1321FE583060021DC97 /* Sources */ = {
			isa = PBXSourcesBuildPhase;
			buildActionMask = 2147483647;
			files = (
				B7C399531FF44159008C3C1C /* NetworkServicingSpec.swift in Sources */,
				B711B13B1FE583060021DC97 /* AirHintTests.swift in Sources */,
			);
			runOnlyForDeploymentPostprocessing = 0;
		};
/* End PBXSourcesBuildPhase section */

/* Begin PBXTargetDependency section */
		B711B1381FE583060021DC97 /* PBXTargetDependency */ = {
			isa = PBXTargetDependency;
			target = B711B1211FE583060021DC97 /* AirHint */;
			targetProxy = B711B1371FE583060021DC97 /* PBXContainerItemProxy */;
		};
/* End PBXTargetDependency section */

/* Begin PBXVariantGroup section */
		B711B1291FE583060021DC97 /* Main.storyboard */ = {
			isa = PBXVariantGroup;
			children = (
				B711B12A1FE583060021DC97 /* Base */,
			);
			name = Main.storyboard;
			sourceTree = "<group>";
		};
		B711B12E1FE583060021DC97 /* LaunchScreen.storyboard */ = {
			isa = PBXVariantGroup;
			children = (
				B711B12F1FE583060021DC97 /* Base */,
			);
			name = LaunchScreen.storyboard;
			sourceTree = "<group>";
		};
/* End PBXVariantGroup section */

/* Begin XCBuildConfiguration section */
		B711B13D1FE583060021DC97 /* Debug */ = {
			isa = XCBuildConfiguration;
			buildSettings = {
				ALWAYS_EMBED_SWIFT_STANDARD_LIBRARIES = YES;
				ALWAYS_SEARCH_USER_PATHS = NO;
				CLANG_ANALYZER_NONNULL = YES;
				CLANG_ANALYZER_NUMBER_OBJECT_CONVERSION = YES_AGGRESSIVE;
				CLANG_CXX_LANGUAGE_STANDARD = "gnu++14";
				CLANG_CXX_LIBRARY = "libc++";
				CLANG_ENABLE_MODULES = YES;
				CLANG_ENABLE_OBJC_ARC = YES;
				CLANG_WARN_BLOCK_CAPTURE_AUTORELEASING = YES;
				CLANG_WARN_BOOL_CONVERSION = YES;
				CLANG_WARN_COMMA = YES;
				CLANG_WARN_CONSTANT_CONVERSION = YES;
				CLANG_WARN_DIRECT_OBJC_ISA_USAGE = YES_ERROR;
				CLANG_WARN_DOCUMENTATION_COMMENTS = YES;
				CLANG_WARN_EMPTY_BODY = YES;
				CLANG_WARN_ENUM_CONVERSION = YES;
				CLANG_WARN_INFINITE_RECURSION = YES;
				CLANG_WARN_INT_CONVERSION = YES;
				CLANG_WARN_NON_LITERAL_NULL_CONVERSION = YES;
				CLANG_WARN_OBJC_LITERAL_CONVERSION = YES;
				CLANG_WARN_OBJC_ROOT_CLASS = YES_ERROR;
				CLANG_WARN_RANGE_LOOP_ANALYSIS = YES;
				CLANG_WARN_STRICT_PROTOTYPES = YES;
				CLANG_WARN_SUSPICIOUS_MOVE = YES;
				CLANG_WARN_UNGUARDED_AVAILABILITY = YES_AGGRESSIVE;
				CLANG_WARN_UNREACHABLE_CODE = YES;
				CLANG_WARN__DUPLICATE_METHOD_MATCH = YES;
				CODE_SIGN_IDENTITY = "iPhone Developer";
				COPY_PHASE_STRIP = NO;
				DEBUG_INFORMATION_FORMAT = dwarf;
				ENABLE_STRICT_OBJC_MSGSEND = YES;
				ENABLE_TESTABILITY = YES;
				GCC_C_LANGUAGE_STANDARD = gnu11;
				GCC_DYNAMIC_NO_PIC = NO;
				GCC_NO_COMMON_BLOCKS = YES;
				GCC_OPTIMIZATION_LEVEL = 0;
				GCC_PREPROCESSOR_DEFINITIONS = (
					"DEBUG=1",
					"$(inherited)",
				);
				GCC_WARN_64_TO_32_BIT_CONVERSION = YES;
				GCC_WARN_ABOUT_RETURN_TYPE = YES_ERROR;
				GCC_WARN_UNDECLARED_SELECTOR = YES;
				GCC_WARN_UNINITIALIZED_AUTOS = YES_AGGRESSIVE;
				GCC_WARN_UNUSED_FUNCTION = YES;
				GCC_WARN_UNUSED_VARIABLE = YES;
				IPHONEOS_DEPLOYMENT_TARGET = 10.0;
				MTL_ENABLE_DEBUG_INFO = YES;
				ONLY_ACTIVE_ARCH = YES;
				SDKROOT = iphoneos;
				SWIFT_ACTIVE_COMPILATION_CONDITIONS = DEBUG;
				SWIFT_OPTIMIZATION_LEVEL = "-Onone";
			};
			name = Debug;
		};
		B711B13E1FE583060021DC97 /* Release */ = {
			isa = XCBuildConfiguration;
			buildSettings = {
				ALWAYS_EMBED_SWIFT_STANDARD_LIBRARIES = YES;
				ALWAYS_SEARCH_USER_PATHS = NO;
				CLANG_ANALYZER_NONNULL = YES;
				CLANG_ANALYZER_NUMBER_OBJECT_CONVERSION = YES_AGGRESSIVE;
				CLANG_CXX_LANGUAGE_STANDARD = "gnu++14";
				CLANG_CXX_LIBRARY = "libc++";
				CLANG_ENABLE_MODULES = YES;
				CLANG_ENABLE_OBJC_ARC = YES;
				CLANG_WARN_BLOCK_CAPTURE_AUTORELEASING = YES;
				CLANG_WARN_BOOL_CONVERSION = YES;
				CLANG_WARN_COMMA = YES;
				CLANG_WARN_CONSTANT_CONVERSION = YES;
				CLANG_WARN_DIRECT_OBJC_ISA_USAGE = YES_ERROR;
				CLANG_WARN_DOCUMENTATION_COMMENTS = YES;
				CLANG_WARN_EMPTY_BODY = YES;
				CLANG_WARN_ENUM_CONVERSION = YES;
				CLANG_WARN_INFINITE_RECURSION = YES;
				CLANG_WARN_INT_CONVERSION = YES;
				CLANG_WARN_NON_LITERAL_NULL_CONVERSION = YES;
				CLANG_WARN_OBJC_LITERAL_CONVERSION = YES;
				CLANG_WARN_OBJC_ROOT_CLASS = YES_ERROR;
				CLANG_WARN_RANGE_LOOP_ANALYSIS = YES;
				CLANG_WARN_STRICT_PROTOTYPES = YES;
				CLANG_WARN_SUSPICIOUS_MOVE = YES;
				CLANG_WARN_UNGUARDED_AVAILABILITY = YES_AGGRESSIVE;
				CLANG_WARN_UNREACHABLE_CODE = YES;
				CLANG_WARN__DUPLICATE_METHOD_MATCH = YES;
				CODE_SIGN_IDENTITY = "iPhone Developer";
				COPY_PHASE_STRIP = NO;
				DEBUG_INFORMATION_FORMAT = "dwarf-with-dsym";
				ENABLE_NS_ASSERTIONS = NO;
				ENABLE_STRICT_OBJC_MSGSEND = YES;
				GCC_C_LANGUAGE_STANDARD = gnu11;
				GCC_NO_COMMON_BLOCKS = YES;
				GCC_WARN_64_TO_32_BIT_CONVERSION = YES;
				GCC_WARN_ABOUT_RETURN_TYPE = YES_ERROR;
				GCC_WARN_UNDECLARED_SELECTOR = YES;
				GCC_WARN_UNINITIALIZED_AUTOS = YES_AGGRESSIVE;
				GCC_WARN_UNUSED_FUNCTION = YES;
				GCC_WARN_UNUSED_VARIABLE = YES;
				IPHONEOS_DEPLOYMENT_TARGET = 10.0;
				MTL_ENABLE_DEBUG_INFO = NO;
				SDKROOT = iphoneos;
				SWIFT_OPTIMIZATION_LEVEL = "-Owholemodule";
				VALIDATE_PRODUCT = YES;
			};
			name = Release;
		};
		B711B1401FE583060021DC97 /* Debug */ = {
			isa = XCBuildConfiguration;
			baseConfigurationReference = 864E125F94C9CF379C9FCE92 /* Pods-AirHint.debug.xcconfig */;
			buildSettings = {
				ALWAYS_EMBED_SWIFT_STANDARD_LIBRARIES = "$(inherited)";
				ASSETCATALOG_COMPILER_APPICON_NAME = AppIcon;
				CODE_SIGN_STYLE = Automatic;
				DEVELOPMENT_TEAM = H2M6RZ43DE;
				INFOPLIST_FILE = AirHint/Info.plist;
				IPHONEOS_DEPLOYMENT_TARGET = 10.0;
				LD_RUNPATH_SEARCH_PATHS = "$(inherited) @executable_path/Frameworks";
				PRODUCT_BUNDLE_IDENTIFIER = com.akuzminskyi.AirHint;
				PRODUCT_NAME = "$(TARGET_NAME)";
				SWIFT_VERSION = 4.0;
				TARGETED_DEVICE_FAMILY = 1;
			};
			name = Debug;
		};
		B711B1411FE583060021DC97 /* Release */ = {
			isa = XCBuildConfiguration;
			baseConfigurationReference = 9006279D60550D0DB45C3DF6 /* Pods-AirHint.release.xcconfig */;
			buildSettings = {
				ALWAYS_EMBED_SWIFT_STANDARD_LIBRARIES = "$(inherited)";
				ASSETCATALOG_COMPILER_APPICON_NAME = AppIcon;
				CODE_SIGN_STYLE = Automatic;
				DEVELOPMENT_TEAM = H2M6RZ43DE;
				INFOPLIST_FILE = AirHint/Info.plist;
				IPHONEOS_DEPLOYMENT_TARGET = 10.0;
				LD_RUNPATH_SEARCH_PATHS = "$(inherited) @executable_path/Frameworks";
				PRODUCT_BUNDLE_IDENTIFIER = com.akuzminskyi.AirHint;
				PRODUCT_NAME = "$(TARGET_NAME)";
				SWIFT_VERSION = 4.0;
				TARGETED_DEVICE_FAMILY = 1;
			};
			name = Release;
		};
		B711B1431FE583060021DC97 /* Debug */ = {
			isa = XCBuildConfiguration;
			baseConfigurationReference = 205B017C96C66FC04CCAB965 /* Pods-AirHintTests.debug.xcconfig */;
			buildSettings = {
				ALWAYS_EMBED_SWIFT_STANDARD_LIBRARIES = "$(inherited)";
				BUNDLE_LOADER = "$(TEST_HOST)";
				CODE_SIGN_STYLE = Automatic;
				DEVELOPMENT_TEAM = H2M6RZ43DE;
				INFOPLIST_FILE = AirHintTests/Info.plist;
				LD_RUNPATH_SEARCH_PATHS = "$(inherited) @executable_path/Frameworks @loader_path/Frameworks";
				PRODUCT_BUNDLE_IDENTIFIER = com.akuzminskyi.AirHintTests;
				PRODUCT_NAME = "$(TARGET_NAME)";
				SWIFT_VERSION = 4.0;
				TARGETED_DEVICE_FAMILY = "1,2";
				TEST_HOST = "$(BUILT_PRODUCTS_DIR)/AirHint.app/AirHint";
			};
			name = Debug;
		};
		B711B1441FE583060021DC97 /* Release */ = {
			isa = XCBuildConfiguration;
			baseConfigurationReference = 3E1C03F9F8EE817C70A55823 /* Pods-AirHintTests.release.xcconfig */;
			buildSettings = {
				ALWAYS_EMBED_SWIFT_STANDARD_LIBRARIES = "$(inherited)";
				BUNDLE_LOADER = "$(TEST_HOST)";
				CODE_SIGN_STYLE = Automatic;
				DEVELOPMENT_TEAM = H2M6RZ43DE;
				INFOPLIST_FILE = AirHintTests/Info.plist;
				LD_RUNPATH_SEARCH_PATHS = "$(inherited) @executable_path/Frameworks @loader_path/Frameworks";
				PRODUCT_BUNDLE_IDENTIFIER = com.akuzminskyi.AirHintTests;
				PRODUCT_NAME = "$(TARGET_NAME)";
				SWIFT_VERSION = 4.0;
				TARGETED_DEVICE_FAMILY = "1,2";
				TEST_HOST = "$(BUILT_PRODUCTS_DIR)/AirHint.app/AirHint";
			};
			name = Release;
		};
/* End XCBuildConfiguration section */

/* Begin XCConfigurationList section */
		B711B11D1FE583060021DC97 /* Build configuration list for PBXProject "AirHint" */ = {
			isa = XCConfigurationList;
			buildConfigurations = (
				B711B13D1FE583060021DC97 /* Debug */,
				B711B13E1FE583060021DC97 /* Release */,
			);
			defaultConfigurationIsVisible = 0;
			defaultConfigurationName = Release;
		};
		B711B13F1FE583060021DC97 /* Build configuration list for PBXNativeTarget "AirHint" */ = {
			isa = XCConfigurationList;
			buildConfigurations = (
				B711B1401FE583060021DC97 /* Debug */,
				B711B1411FE583060021DC97 /* Release */,
			);
			defaultConfigurationIsVisible = 0;
			defaultConfigurationName = Release;
		};
		B711B1421FE583060021DC97 /* Build configuration list for PBXNativeTarget "AirHintTests" */ = {
			isa = XCConfigurationList;
			buildConfigurations = (
				B711B1431FE583060021DC97 /* Debug */,
				B711B1441FE583060021DC97 /* Release */,
			);
			defaultConfigurationIsVisible = 0;
			defaultConfigurationName = Release;
		};
/* End XCConfigurationList section */
	};
	rootObject = B711B11A1FE583060021DC97 /* Project object */;
}
